
Microsoft Visual Studio Solution File, Format Version 12.00
# Visual Studio Version 16
VisualStudioVersion = 16.0.30611.23
MinimumVisualStudioVersion = 10.0.40219.1
Project("{FAE04EC0-301F-11D3-BF4B-00C04F79EFBC}") = "Final Examination Calculator", "Final Examination Calculator\Final Examination Calculator.csproj", "{0F54BAF1-7C63-4E09-B198-A53E2701395A}"
EndProject
Project("{54435603-DBB4-11D2-8724-00A0C9A8B90C}") = "Final Calculator", "Final Calculator\Final Calculator.vdproj", "{AF3F3CDE-5641-4F01-AFFB-D87DD289F1C7}"
EndProject
Global
	GlobalSection(SolutionConfigurationPlatforms) = preSolution
		Debug|Any CPU = Debug|Any CPU
		Release|Any CPU = Release|Any CPU
	EndGlobalSection
	GlobalSection(ProjectConfigurationPlatforms) = postSolution
		{0F54BAF1-7C63-4E09-B198-A53E2701395A}.Debug|Any CPU.ActiveCfg = Debug|Any CPU
		{0F54BAF1-7C63-4E09-B198-A53E2701395A}.Debug|Any CPU.Build.0 = Debug|Any CPU
		{0F54BAF1-7C63-4E09-B198-A53E2701395A}.Release|Any CPU.ActiveCfg = Release|Any CPU
		{0F54BAF1-7C63-4E09-B198-A53E2701395A}.Release|Any CPU.Build.0 = Release|Any CPU
		{AF3F3CDE-5641-4F01-AFFB-D87DD289F1C7}.Debug|Any CPU.ActiveCfg = Debug
		{AF3F3CDE-5641-4F01-AFFB-D87DD289F1C7}.Release|Any CPU.ActiveCfg = Release
	EndGlobalSection
	GlobalSection(SolutionProperties) = preSolution
		HideSolutionNode = FALSE
	EndGlobalSection
	GlobalSection(ExtensibilityGlobals) = postSolution
		SolutionGuid = {1D593D0C-2CB2-4794-B461-20C7FC1A03C4}
	EndGlobalSection
EndGlobal
